
Microsoft Visual Studio Solution File, Format Version 12.00
# Visual Studio Version 16
VisualStudioVersion = 16.0.31129.286
MinimumVisualStudioVersion = 10.0.40219.1
Project("{9A19103F-16F7-4668-BE54-9A1E7A4F7556}") = "Delivery", "Delivery\Delivery.csproj", "{4F66BE02-F17D-41E2-A750-178E5E1DE65E}"
EndProject
Project("{2150E333-8FDC-42A3-9474-1A3956D46DE8}") = "Solution Items", "Solution Items", "{AD3987CA-3570-43D0-A45C-4BA21E4282CC}"
EndProject
Global
	GlobalSection(SolutionConfigurationPlatforms) = preSolution
		Debug|Any CPU = Debug|Any CPU
		Release|Any CPU = Release|Any CPU
	EndGlobalSection
	GlobalSection(ProjectConfigurationPlatforms) = postSolution
		{4F66BE02-F17D-41E2-A750-178E5E1DE65E}.Debug|Any CPU.ActiveCfg = Debug|Any CPU
		{4F66BE02-F17D-41E2-A750-178E5E1DE65E}.Debug|Any CPU.Build.0 = Debug|Any CPU
		{4F66BE02-F17D-41E2-A750-178E5E1DE65E}.Release|Any CPU.ActiveCfg = Release|Any CPU
		{4F66BE02-F17D-41E2-A750-178E5E1DE65E}.Release|Any CPU.Build.0 = Release|Any CPU
	EndGlobalSection
	GlobalSection(SolutionProperties) = preSolution
		HideSolutionNode = FALSE
	EndGlobalSection
	GlobalSection(ExtensibilityGlobals) = postSolution
		SolutionGuid = {A1F14054-5801-4ABA-820C-98ED9CD89706}
	EndGlobalSection
EndGlobal
